
Microsoft Visual Studio Solution File, Format Version 12.00
# Visual Studio Version 16
VisualStudioVersion = 16.0.30907.101
MinimumVisualStudioVersion = 10.0.40219.1
Project("{FAE04EC0-301F-11D3-BF4B-00C04F79EFBC}") = "GroupProject", "GroupProject\GroupProject.csproj", "{1334B1D2-CDE7-4F76-9033-D31625E2054E}"
EndProject
Global
	GlobalSection(SolutionConfigurationPlatforms) = preSolution
		Debug|Any CPU = Debug|Any CPU
		Release|Any CPU = Release|Any CPU
	EndGlobalSection
	GlobalSection(ProjectConfigurationPlatforms) = postSolution
		{1334B1D2-CDE7-4F76-9033-D31625E2054E}.Debug|Any CPU.ActiveCfg = Debug|Any CPU
		{1334B1D2-CDE7-4F76-9033-D31625E2054E}.Debug|Any CPU.Build.0 = Debug|Any CPU
		{1334B1D2-CDE7-4F76-9033-D31625E2054E}.Release|Any CPU.ActiveCfg = Release|Any CPU
		{1334B1D2-CDE7-4F76-9033-D31625E2054E}.Release|Any CPU.Build.0 = Release|Any CPU
	EndGlobalSection
	GlobalSection(SolutionProperties) = preSolution
		HideSolutionNode = FALSE
	EndGlobalSection
	GlobalSection(ExtensibilityGlobals) = postSolution
		SolutionGuid = {64FEB3A9-216F-49CA-82D5-CEC994246B55}
	EndGlobalSection
EndGlobal
